
Microsoft Visual Studio Solution File, Format Version 12.00
# Visual Studio Version 16
VisualStudioVersion = 16.0.29905.134
MinimumVisualStudioVersion = 15.0.26124.0
Project("{2150E333-8FDC-42A3-9474-1A3956D46DE8}") = "Src", "Src", "{D87DBA97-98E2-4917-B948-510B33686CA7}"
EndProject
Project("{9A19103F-16F7-4668-BE54-9A1E7A4F7556}") = "TheNeoGeoArchive.Persistence", "Src\TheNeoGeoArchive.Persistence\TheNeoGeoArchive.Persistence.csproj", "{F88F3451-D2A1-42BB-B7D0-F124A0FC9B77}"
EndProject
Project("{9A19103F-16F7-4668-BE54-9A1E7A4F7556}") = "TheNeoGeoArchive.Infrastructure", "Src\TheNeoGeoArchive.Infrastructure\TheNeoGeoArchive.Infrastructure.csproj", "{1E1A37D7-10A3-420F-9F04-8C8544BE03CB}"
EndProject
Project("{9A19103F-16F7-4668-BE54-9A1E7A4F7556}") = "TheNeoGeoArchive.WebApi", "Src\TheNeoGeoArchive.WebApi\TheNeoGeoArchive.WebApi.csproj", "{59555136-2946-4120-8ACE-03957A5BD9F7}"
EndProject
Project("{2150E333-8FDC-42A3-9474-1A3956D46DE8}") = "Tests", "Tests", "{6C05DAEF-6650-4454-8AB4-E9A44DA36C62}"
EndProject
Project("{9A19103F-16F7-4668-BE54-9A1E7A4F7556}") = "TheNeoGeoArchive.UnitTests", "Tests\TheNeoGeoArchive.UnitTests\TheNeoGeoArchive.UnitTests.csproj", "{C730BDE6-D00A-41FC-B689-79528221D881}"
EndProject
Project("{9A19103F-16F7-4668-BE54-9A1E7A4F7556}") = "TheNeoGeoArchive.IntegrationTests", "Tests\TheNeoGeoArchive.IntegrationTests\TheNeoGeoArchive.IntegrationTests.csproj", "{00FBA0FC-DEEF-4398-9599-198FD4338DF4}"
EndProject
Project("{9A19103F-16F7-4668-BE54-9A1E7A4F7556}") = "DataLoader", "Src\DataLoader\DataLoader.csproj", "{D2BA6126-354D-44DA-98DB-83E745CEAC12}"
EndProject
Global
	GlobalSection(SolutionConfigurationPlatforms) = preSolution
		Debug|Any CPU = Debug|Any CPU
		Debug|x64 = Debug|x64
		Debug|x86 = Debug|x86
		Release|Any CPU = Release|Any CPU
		Release|x64 = Release|x64
		Release|x86 = Release|x86
	EndGlobalSection
	GlobalSection(ProjectConfigurationPlatforms) = postSolution
		{F88F3451-D2A1-42BB-B7D0-F124A0FC9B77}.Debug|Any CPU.ActiveCfg = Debug|Any CPU
		{F88F3451-D2A1-42BB-B7D0-F124A0FC9B77}.Debug|Any CPU.Build.0 = Debug|Any CPU
		{F88F3451-D2A1-42BB-B7D0-F124A0FC9B77}.Debug|x64.ActiveCfg = Debug|Any CPU
		{F88F3451-D2A1-42BB-B7D0-F124A0FC9B77}.Debug|x64.Build.0 = Debug|Any CPU
		{F88F3451-D2A1-42BB-B7D0-F124A0FC9B77}.Debug|x86.ActiveCfg = Debug|Any CPU
		{F88F3451-D2A1-42BB-B7D0-F124A0FC9B77}.Debug|x86.Build.0 = Debug|Any CPU
		{F88F3451-D2A1-42BB-B7D0-F124A0FC9B77}.Release|Any CPU.ActiveCfg = Release|Any CPU
		{F88F3451-D2A1-42BB-B7D0-F124A0FC9B77}.Release|Any CPU.Build.0 = Release|Any CPU
		{F88F3451-D2A1-42BB-B7D0-F124A0FC9B77}.Release|x64.ActiveCfg = Release|Any CPU
		{F88F3451-D2A1-42BB-B7D0-F124A0FC9B77}.Release|x64.Build.0 = Release|Any CPU
		{F88F3451-D2A1-42BB-B7D0-F124A0FC9B77}.Release|x86.ActiveCfg = Release|Any CPU
		{F88F3451-D2A1-42BB-B7D0-F124A0FC9B77}.Release|x86.Build.0 = Release|Any CPU
		{1E1A37D7-10A3-420F-9F04-8C8544BE03CB}.Debug|Any CPU.ActiveCfg = Debug|Any CPU
		{1E1A37D7-10A3-420F-9F04-8C8544BE03CB}.Debug|Any CPU.Build.0 = Debug|Any CPU
		{1E1A37D7-10A3-420F-9F04-8C8544BE03CB}.Debug|x64.ActiveCfg = Debug|Any CPU
		{1E1A37D7-10A3-420F-9F04-8C8544BE03CB}.Debug|x64.Build.0 = Debug|Any CPU
		{1E1A37D7-10A3-420F-9F04-8C8544BE03CB}.Debug|x86.ActiveCfg = Debug|Any CPU
		{1E1A37D7-10A3-420F-9F04-8C8544BE03CB}.Debug|x86.Build.0 = Debug|Any CPU
		{1E1A37D7-10A3-420F-9F04-8C8544BE03CB}.Release|Any CPU.ActiveCfg = Release|Any CPU
		{1E1A37D7-10A3-420F-9F04-8C8544BE03CB}.Release|Any CPU.Build.0 = Release|Any CPU
		{1E1A37D7-10A3-420F-9F04-8C8544BE03CB}.Release|x64.ActiveCfg = Release|Any CPU
		{1E1A37D7-10A3-420F-9F04-8C8544BE03CB}.Release|x64.Build.0 = Release|Any CPU
		{1E1A37D7-10A3-420F-9F04-8C8544BE03CB}.Release|x86.ActiveCfg = Release|Any CPU
		{1E1A37D7-10A3-420F-9F04-8C8544BE03CB}.Release|x86.Build.0 = Release|Any CPU
		{59555136-2946-4120-8ACE-03957A5BD9F7}.Debug|Any CPU.ActiveCfg = Debug|Any CPU
		{59555136-2946-4120-8ACE-03957A5BD9F7}.Debug|Any CPU.Build.0 = Debug|Any CPU
		{59555136-2946-4120-8ACE-03957A5BD9F7}.Debug|x64.ActiveCfg = Debug|Any CPU
		{59555136-2946-4120-8ACE-03957A5BD9F7}.Debug|x64.Build.0 = Debug|Any CPU
		{59555136-2946-4120-8ACE-03957A5BD9F7}.Debug|x86.ActiveCfg = Debug|Any CPU
		{59555136-2946-4120-8ACE-03957A5BD9F7}.Debug|x86.Build.0 = Debug|Any CPU
		{59555136-2946-4120-8ACE-03957A5BD9F7}.Release|Any CPU.ActiveCfg = Release|Any CPU
		{59555136-2946-4120-8ACE-03957A5BD9F7}.Release|Any CPU.Build.0 = Release|Any CPU
		{59555136-2946-4120-8ACE-03957A5BD9F7}.Release|x64.ActiveCfg = Release|Any CPU
		{59555136-2946-4120-8ACE-03957A5BD9F7}.Release|x64.Build.0 = Release|Any CPU
		{59555136-2946-4120-8ACE-03957A5BD9F7}.Release|x86.ActiveCfg = Release|Any CPU
		{59555136-2946-4120-8ACE-03957A5BD9F7}.Release|x86.Build.0 = Release|Any CPU
		{C730BDE6-D00A-41FC-B689-79528221D881}.Debug|Any CPU.ActiveCfg = Debug|Any CPU
		{C730BDE6-D00A-41FC-B689-79528221D881}.Debug|Any CPU.Build.0 = Debug|Any CPU
		{C730BDE6-D00A-41FC-B689-79528221D881}.Debug|x64.ActiveCfg = Debug|Any CPU
		{C730BDE6-D00A-41FC-B689-79528221D881}.Debug|x64.Build.0 = Debug|Any CPU
		{C730BDE6-D00A-41FC-B689-79528221D881}.Debug|x86.ActiveCfg = Debug|Any CPU
		{C730BDE6-D00A-41FC-B689-79528221D881}.Debug|x86.Build.0 = Debug|Any CPU
		{C730BDE6-D00A-41FC-B689-79528221D881}.Release|Any CPU.ActiveCfg = Release|Any CPU
		{C730BDE6-D00A-41FC-B689-79528221D881}.Release|Any CPU.Build.0 = Release|Any CPU
		{C730BDE6-D00A-41FC-B689-79528221D881}.Release|x64.ActiveCfg = Release|Any CPU
		{C730BDE6-D00A-41FC-B689-79528221D881}.Release|x64.Build.0 = Release|Any CPU
		{C730BDE6-D00A-41FC-B689-79528221D881}.Release|x86.ActiveCfg = Release|Any CPU
		{C730BDE6-D00A-41FC-B689-79528221D881}.Release|x86.Build.0 = Release|Any CPU
		{00FBA0FC-DEEF-4398-9599-198FD4338DF4}.Debug|Any CPU.ActiveCfg = Debug|Any CPU
		{00FBA0FC-DEEF-4398-9599-198FD4338DF4}.Debug|Any CPU.Build.0 = Debug|Any CPU
		{00FBA0FC-DEEF-4398-9599-198FD4338DF4}.Debug|x64.ActiveCfg = Debug|Any CPU
		{00FBA0FC-DEEF-4398-9599-198FD4338DF4}.Debug|x64.Build.0 = Debug|Any CPU
		{00FBA0FC-DEEF-4398-9599-198FD4338DF4}.Debug|x86.ActiveCfg = Debug|Any CPU
		{00FBA0FC-DEEF-4398-9599-198FD4338DF4}.Debug|x86.Build.0 = Debug|Any CPU
		{00FBA0FC-DEEF-4398-9599-198FD4338DF4}.Release|Any CPU.ActiveCfg = Release|Any CPU
		{00FBA0FC-DEEF-4398-9599-198FD4338DF4}.Release|Any CPU.Build.0 = Release|Any CPU
		{00FBA0FC-DEEF-4398-9599-198FD4338DF4}.Release|x64.ActiveCfg = Release|Any CPU
		{00FBA0FC-DEEF-4398-9599-198FD4338DF4}.Release|x64.Build.0 = Release|Any CPU
		{00FBA0FC-DEEF-4398-9599-198FD4338DF4}.Release|x86.ActiveCfg = Release|Any CPU
		{00FBA0FC-DEEF-4398-9599-198FD4338DF4}.Release|x86.Build.0 = Release|Any CPU
		{D2BA6126-354D-44DA-98DB-83E745CEAC12}.Debug|Any CPU.ActiveCfg = Debug|Any CPU
		{D2BA6126-354D-44DA-98DB-83E745CEAC12}.Debug|Any CPU.Build.0 = Debug|Any CPU
		{D2BA6126-354D-44DA-98DB-83E745CEAC12}.Debug|x64.ActiveCfg = Debug|Any CPU
		{D2BA6126-354D-44DA-98DB-83E745CEAC12}.Debug|x64.Build.0 = Debug|Any CPU
		{D2BA6126-354D-44DA-98DB-83E745CEAC12}.Debug|x86.ActiveCfg = Debug|Any CPU
		{D2BA6126-354D-44DA-98DB-83E745CEAC12}.Debug|x86.Build.0 = Debug|Any CPU
		{D2BA6126-354D-44DA-98DB-83E745CEAC12}.Release|Any CPU.ActiveCfg = Release|Any CPU
		{D2BA6126-354D-44DA-98DB-83E745CEAC12}.Release|Any CPU.Build.0 = Release|Any CPU
		{D2BA6126-354D-44DA-98DB-83E745CEAC12}.Release|x64.ActiveCfg = Release|Any CPU
		{D2BA6126-354D-44DA-98DB-83E745CEAC12}.Release|x64.Build.0 = Release|Any CPU
		{D2BA6126-354D-44DA-98DB-83E745CEAC12}.Release|x86.ActiveCfg = Release|Any CPU
		{D2BA6126-354D-44DA-98DB-83E745CEAC12}.Release|x86.Build.0 = Release|Any CPU
	EndGlobalSection
	GlobalSection(SolutionProperties) = preSolution
		HideSolutionNode = FALSE
	EndGlobalSection
	GlobalSection(NestedProjects) = preSolution
		{F88F3451-D2A1-42BB-B7D0-F124A0FC9B77} = {D87DBA97-98E2-4917-B948-510B33686CA7}
		{1E1A37D7-10A3-420F-9F04-8C8544BE03CB} = {D87DBA97-98E2-4917-B948-510B33686CA7}
		{59555136-2946-4120-8ACE-03957A5BD9F7} = {D87DBA97-98E2-4917-B948-510B33686CA7}
		{C730BDE6-D00A-41FC-B689-79528221D881} = {6C05DAEF-6650-4454-8AB4-E9A44DA36C62}
		{00FBA0FC-DEEF-4398-9599-198FD4338DF4} = {6C05DAEF-6650-4454-8AB4-E9A44DA36C62}
		{D2BA6126-354D-44DA-98DB-83E745CEAC12} = {D87DBA97-98E2-4917-B948-510B33686CA7}
	EndGlobalSection
	GlobalSection(ExtensibilityGlobals) = postSolution
		SolutionGuid = {63F40D45-91A0-4285-9274-D13BDE0FEA5A}
	EndGlobalSection
EndGlobal
